
Microsoft Visual Studio Solution File, Format Version 12.00
# Visual Studio Version 16
VisualStudioVersion = 16.0.31702.278
MinimumVisualStudioVersion = 10.0.40219.1
Project("{FAE04EC0-301F-11D3-BF4B-00C04F79EFBC}") = "NewApplication", "NewApplication\NewApplication.csproj", "{0110CE5F-5930-415C-A3FD-4F337AD569C6}"
EndProject
Global
	GlobalSection(SolutionConfigurationPlatforms) = preSolution
		Debug|Any CPU = Debug|Any CPU
		Release|Any CPU = Release|Any CPU
	EndGlobalSection
	GlobalSection(ProjectConfigurationPlatforms) = postSolution
		{0110CE5F-5930-415C-A3FD-4F337AD569C6}.Debug|Any CPU.ActiveCfg = Debug|Any CPU
		{0110CE5F-5930-415C-A3FD-4F337AD569C6}.Debug|Any CPU.Build.0 = Debug|Any CPU
		{0110CE5F-5930-415C-A3FD-4F337AD569C6}.Release|Any CPU.ActiveCfg = Release|Any CPU
		{0110CE5F-5930-415C-A3FD-4F337AD569C6}.Release|Any CPU.Build.0 = Release|Any CPU
	EndGlobalSection
	GlobalSection(SolutionProperties) = preSolution
		HideSolutionNode = FALSE
	EndGlobalSection
	GlobalSection(ExtensibilityGlobals) = postSolution
		SolutionGuid = {E1574DE2-2E88-4FD2-99C3-9FAC3A1E2377}
	EndGlobalSection
EndGlobal
